lockVersion: 2.0.0
id: 3c0eedec-5d35-4ff6-aece-01274b866b76
management:
  docChecksum: 73e546abb0f28df8878156f267b682ad
  docVersion: 0.1.0
  speakeasyVersion: 1.788.1
  generationVersion: 2.915.1
  releaseVersion: 0.0.4
  configChecksum: 16b09d088af6daa3762a60f4794b3d44
  repoURL: https://github.com/dalmia/calibrate-python-sdk
  installationURL: https://github.com/dalmia/calibrate-python-sdk.git
persistentEdits:
  generation_id: ba3f0de8-353d-4653-8a63-56177310a484
  pristine_commit_hash: 0ce7dd8379fe55157b8cf7d3e07500fe78e1f154
  pristine_tree_hash: 06d13c7d88838a7b0936b9a13cf815f72dc5126f
features:
  python:
    additionalDependencies: 1.1.0
    configurableModuleName: 0.2.0
    constsAndDefaults: 1.0.7
    core: 6.0.34
    defaultEnabledRetries: 0.2.0
    enumUnions: 0.1.1
    envVarSecurityUsage: 0.3.3
    flatRequests: 1.0.1
    flattening: 3.1.1
    globalSecurity: 3.0.7
    globalSecurityCallbacks: 1.0.0
    globalSecurityFlattening: 1.0.0
    globalServerURLs: 3.2.1
    groups: 3.0.1
    methodArguments: 1.1.1
    nameOverrides: 3.0.3
    nullables: 1.0.2
    responseFormat: 1.1.0
    retries: 3.0.7
    sdkHooks: 1.3.0
    unions: 3.1.7
trackedFiles:
  .gitattributes:
    id: 24139dae6567
    last_write_checksum: sha1:53134de3ada576f37c22276901e1b5b6d85cd2da
    pristine_git_object: 4d75d59008e4d8609876d263419a9dc56c8d6f3a
  .vscode/settings.json:
    id: 89aa447020cd
    last_write_checksum: sha1:f84632c81029fcdda8c3b0c768d02b836fc80526
    pristine_git_object: 8d79f0abb72526f1fb34a4c03e5bba612c6ba2ae
  USAGE.md:
    id: 3aed33ce6e6f
    last_write_checksum: sha1:542f395d0eeecae26fdba18cbe8c422fe25076e3
    pristine_git_object: 8db5a30cff9178c2ac3aadb107a2f8dada9fec54
  docs/errors/httpvalidationerror.md:
    id: 7fe2e5327e07
    last_write_checksum: sha1:277a46811144643262651853dc6176d21b33573e
    pristine_git_object: 712a148c3e2305dca4c702851865f9f8c8e674cc
  docs/models/batchrunrequest.md:
    id: 75d4727b13ac
    last_write_checksum: sha1:f2a3ca89c614638dfc3e7d24eeda05a20aadc233
    pristine_git_object: a9364a78bbc66091b157a25c1bac406f2093499f
  docs/models/batchtestrun.md:
    id: 50126fc6032e
    last_write_checksum: sha1:4a38b4a8d637059f09b1f2ec7ee8f6dd4738e6c9
    pristine_git_object: 4a367650a3ba622ff46cc0422be91d31b9bcb55e
  docs/models/batchtestrunresponse.md:
    id: 6d27aa60e7cf
    last_write_checksum: sha1:6c28ce284f4b8a5959ac424ff74e4d418fe86fc1
    pristine_git_object: 51f1273f94aa7681512563f87ea13d7fc2322c27
  docs/models/batchtestskip.md:
    id: 2e2d2fd99c9c
    last_write_checksum: sha1:c6b4774a35d4237ef969798c49a5e44e4101eada
    pristine_git_object: 52a51cf9dc454096625cf493abeb34cad9c00a5f
  docs/models/getagenttestrunstatusagenttestsruntaskidgetrequest.md:
    id: 10c6ebc8ea41
    last_write_checksum: sha1:a5118f53101cc16563bc7b551533cdff21cf60fa
    pristine_git_object: 55d9f4651b961a473ba1315f65c03015bd4acb47
  docs/models/judgeresult.md:
    id: 41504610a4eb
    last_write_checksum: sha1:7144be0609e7b2f1abb11b63528d8c077d63ec5c
    pristine_git_object: c1239d016d1d83b2479e796362ed29adcce52490
  docs/models/listagentsagentsgetrequest.md:
    id: 86b53c76da7f
    last_write_checksum: sha1:9e38650dd82d83567d08e97452a359342939e01f
    pristine_git_object: 007eaaeb12ed8632ab60bdce30d0f5a9b98c3f83
  docs/models/loc.md:
    id: b071d5a509cc
    last_write_checksum: sha1:09a04749333ab50ae806c3ac6adcaa90d54df0f1
    pristine_git_object: d6094ac2c6e0326c039dad2f6b89158694ef6aa7
  docs/models/resolveagentnamesagentsresolvepostrequest.md:
    id: 09a392589ddf
    last_write_checksum: sha1:bbcbaba956fc5312e347423257b510c05b18ea4a
    pristine_git_object: 9a9c8d41b8503e92f10b40b6af062e922aa08f05
  docs/models/resolveagentnamesrequest.md:
    id: 49ef913ad91f
    last_write_checksum: sha1:3395a25ddbf2b1ef9bb18e3f40af16edda2e5b1f
    pristine_git_object: 1a342ea4d108ed03e6e69f20bcd34680366d0b51
  docs/models/resolveagentnamesresponse.md:
    id: 833c48de0e8f
    last_write_checksum: sha1:b4c9031d08b87cef6a2a58fdbc50fce8f61ffe0c
    pristine_git_object: 63913a4b0f1c0bfa042ccad692f7b049a319d917
  docs/models/routersagenttoolsagentresponse.md:
    id: 64eb14abd71e
    last_write_checksum: sha1:050c0f7f220bd942e8a54db947c7173c4f0ecf61
    pristine_git_object: 1b3e9c095a161b7ca76c617f83b956cbc684a718
  docs/models/runagenttestagenttestsagentagentuuidrunpostrequest.md:
    id: 7d5d122a4371
    last_write_checksum: sha1:72b06015351273d75cea49af22de5ff417bd3af1
    pristine_git_object: 72200a14af64572cedf8139a912da5ec523b0405
  docs/models/runtestrequest.md:
    id: 0cc19ee48a68
    last_write_checksum: sha1:03c7c55da2333d4af97d1dd65fe435462619c918
    pristine_git_object: 11ccad9bb6e48d83cf925059ab893518fe0f1d02
  docs/models/runtestsbatchagenttestsrunpostrequest.md:
    id: 3effa8baa354
    last_write_checksum: sha1:a8ea40ca8962818b6f32abda93c65364e4a4c24f
    pristine_git_object: 86f9c8242d20c36222e8fc02e48a389f7c1d9e1f
  docs/models/security.md:
    id: 452e4d4eb67a
    last_write_checksum: sha1:4aa216a35d3065cef571e5d86dac6671fac0b47f
    pristine_git_object: 056b871eea7f9da4313e98e1c82691ee879dac28
  docs/models/taskcreateresponse.md:
    id: cb862228eb94
    last_write_checksum: sha1:ff75a495e9e12cd6293494d47d996e4ecbd400ab
    pristine_git_object: 76fd524dd0606e4459a9dcf04bebb2ce0a0d3ef2
  docs/models/testcaseresult.md:
    id: 843d07a20130
    last_write_checksum: sha1:84cd1010e0ff386f05b60d0438e2e5829e8ef5cc
    pristine_git_object: b30e8e0cbdb53c464e6833e7db64ca0b73d5b550
  docs/models/testoutput.md:
    id: 654e6b9f8ffa
    last_write_checksum: sha1:756addae51eff59dcc5041e17b9f74b8f2eb6955
    pristine_git_object: e45364433dadc8c41daba45eaaef657aecc8c60c
  docs/models/testrunstatusresponse.md:
    id: 8991b14c64fd
    last_write_checksum: sha1:9508469305a90bece3c0a1dd3c6878a6d4f4d33f
    pristine_git_object: 0475d07cbc3db77ca02bb3dcb38d209dc9ba357f
  docs/models/toolcalloutput.md:
    id: 53ecb57cd59c
    last_write_checksum: sha1:3524837516f319cbc1c65b73cf416e7c49dcb108
    pristine_git_object: 544888ded8d630c6a16fa508ace3bef6a9e5e5e7
  docs/models/type.md:
    id: 98c32f09b2c8
    last_write_checksum: sha1:0e59c80c6bd2abdfc2bc46dc359f0d50644ac944
    pristine_git_object: 03bbca3270b76a7a4d35cf956e14005923cbc0f7
  docs/models/utils/retryconfig.md:
    id: 4343ac43161c
    last_write_checksum: sha1:562c0f21e308ad10c27f85f75704c15592c6929d
    pristine_git_object: 69dd549ec7f5f885101d08dd502e25748183aebf
  docs/models/validationerror.md:
    id: 304bdf06ef8b
    last_write_checksum: sha1:1889f608099577e6a116c14b211a6811d6b22786
    pristine_git_object: 7a1654a1a5cfb3ab92360b361e8e962bf2db4582
  docs/sdks/agents/README.md:
    id: 5965d8232fd8
    last_write_checksum: sha1:9c14cfce1d3a230512b3e19e817d5db396fa8980
    pristine_git_object: 1b37fce54c1b3018e5dda1b384c2ec79268e80b4
  docs/sdks/agenttests/README.md:
    id: 65e5cebfb597
    last_write_checksum: sha1:bc015bc06ca26676dcb128d0e4355b72cf9de0a2
    pristine_git_object: b19358fe57b18c77abf677da0eae1c8bb2385a8e
  py.typed:
    id: 258c3ed47ae4
    last_write_checksum: sha1:8efc425ffe830805ffcc0f3055871bdcdc542c60
    pristine_git_object: 3e38f1a929f7d6b1d6de74604aa87e3d8f010544
  pylintrc:
    id: 7ce8b9f946e6
    last_write_checksum: sha1:35cbd4f716dea20801871e7752bf6b72a5cb3827
    pristine_git_object: 1213f60bb7319f2d0ba7e9b9b62ef3b8f9842ece
  pyproject.toml:
    id: 5d07e7d72637
    last_write_checksum: sha1:d0c7215685884a5e68c76cd50a634ba09a4f5654
    pristine_git_object: e763887e3f0fa4149e1cfe5fa34b49f9ee6da31f
  scripts/prepare_readme.py:
    id: e0c5957a6035
    last_write_checksum: sha1:ef990f322cb01a50b855c6c49d5f704e3135d01c
    pristine_git_object: 5de1462a378f9e199d69cbb827cd1a352e073d86
  scripts/publish.sh:
    id: fe273b08f514
    last_write_checksum: sha1:b290b25b36dca3d5eb1a2e66a2e1bcf2e7326cf3
    pristine_git_object: c35748f360329c2bc370e9b189f49b1a360b2c48
  src/calibrate/__init__.py:
    id: 3d1a0d351b27
    last_write_checksum: sha1:da077c0bdfcef64a4a5aea91a17292f72fa2b088
    pristine_git_object: 833c68cd526fe34aab2b7e7c45f974f7f4b9e120
  src/calibrate/_hooks/__init__.py:
    id: a1b7dddfa43d
    last_write_checksum: sha1:45a380490e968d8d95994dd97554ac60eeb6ae60
    pristine_git_object: e763be4b171bbcf9c16caeaf381f8c92ce8d8e6e
  src/calibrate/_hooks/sdkhooks.py:
    id: ff968900c4f1
    last_write_checksum: sha1:4ab07e9840fe2bd9c183947b615b6e569b7c6872
    pristine_git_object: 5576785a6b915c1a0b633e97d0da3cb8eabcabc3
  src/calibrate/_hooks/types.py:
    id: 8c5159b737b9
    last_write_checksum: sha1:14b47ccc006f860fc1477e7302aa40e3aa7ca3fb
    pristine_git_object: 7d7a2933192854a8004a2074d17e936181099ea4
  src/calibrate/_version.py:
    id: 7d0afb4ecdd4
    last_write_checksum: sha1:198bbfab9db7612c53612ad1bad63cdde6d821df
    pristine_git_object: be45527d57688c85e5204d4d7d1fdcde211ea6df
  src/calibrate/agent_tests.py:
    id: 73ef98adcfb2
    last_write_checksum: sha1:8a72aae9d52b6cf519722a91db3401c0dfc03c67
    pristine_git_object: 63c3eedfa8f401f983571c56848ae13a3edf28b4
  src/calibrate/agents.py:
    id: 555204db3696
    last_write_checksum: sha1:b7340a500e80f31de09062045cbbfba4c5a3e719
    pristine_git_object: ad0cb0ad454857bd933a7231855b73f458c86a5b
  src/calibrate/basesdk.py:
    id: d3788e102af3
    last_write_checksum: sha1:f2cb949546469055b12042a5524e26ef6d5e2a85
    pristine_git_object: 8e0d0ef6ecaa3b4f8bf17c51bfdaa18fdd87dbcd
  src/calibrate/errors/__init__.py:
    id: 2892a3fdd35b
    last_write_checksum: sha1:1773aa36fde4437f1033169d4fd09e40b7a24b65
    pristine_git_object: 95fe4a3f5c67463e4fabc5398c85f47c153ec417
  src/calibrate/errors/calibratedefaulterror.py:
    id: 83566759c7df
    last_write_checksum: sha1:4490c57ef8c6659e352e37b6ac67030175f05bff
    pristine_git_object: d92f123cf50b72c026b33a244b63eb669d0ae469
  src/calibrate/errors/calibrateerror.py:
    id: 7513f85a1acb
    last_write_checksum: sha1:b2a74502c8b1060dfcc698672fb7840b6433c70d
    pristine_git_object: a662e1a1f846cc0468e3ba5c733b895aa6cfd3cd
  src/calibrate/errors/httpvalidationerror.py:
    id: 706ca3a854aa
    last_write_checksum: sha1:315a5af9cf6d078667f69b47b3b0ea621e496d46
    pristine_git_object: 339e549a6ca823ee9b712bbd144ca66f3a12c285
  src/calibrate/errors/no_response_error.py:
    id: ee4697651709
    last_write_checksum: sha1:7f326424a7d5ae1bcd5c89a0d6b3dbda9138942f
    pristine_git_object: 1deab64bc43e1e65bf3c412d326a4032ce342366
  src/calibrate/errors/responsevalidationerror.py:
    id: 1636daeacdcb
    last_write_checksum: sha1:cef1b49a15365f74053a1c789e79c337b992d5f6
    pristine_git_object: 41cb071b5444e217d0fb3b05239ffb8f1a3ef764
  src/calibrate/httpclient.py:
    id: f0e554f4d2c9
    last_write_checksum: sha1:5e55338d6ee9f01ab648cad4380201a8a3da7dd7
    pristine_git_object: 89560b566073785535643e694c112bedbd3db13d
  src/calibrate/models/__init__.py:
    id: edd829dc4cee
    last_write_checksum: sha1:5b28e861a7962d0b20e53b6a189f2d82f4265834
    pristine_git_object: 759ceba1a77136c449aa23931dbeb6d2ffd6635c
  src/calibrate/models/batchrunrequest.py:
    id: fad2d2ebff10
    last_write_checksum: sha1:83336e553785cb8d80dcc5b79d4158f3ddb463f8
    pristine_git_object: b809233d49e9065c9245b4cc87d9b1a1e3b66e7a
  src/calibrate/models/batchtestrun.py:
    id: c549cc73a623
    last_write_checksum: sha1:0220a5b3c16b1f3ad8a7bbd5c17173c789b1903f
    pristine_git_object: f3d9a38c6518806c4b1b076041b160f0d986cc0b
  src/calibrate/models/batchtestrunresponse.py:
    id: 8cc841997708
    last_write_checksum: sha1:a80ceb7e88f01cebafceddf2b28b490de108aae3
    pristine_git_object: 1306b8b41eb698d7e554f74ce29fd7b8953c6a97
  src/calibrate/models/batchtestskip.py:
    id: f69749b19ed7
    last_write_checksum: sha1:6f59f736dc6a8bd7e54066785c2cbdafca350265
    pristine_git_object: cb86d7be52a74a768cff8ce624660f08d18441ee
  src/calibrate/models/get_agent_test_run_status_agent_tests_run_task_id_getop.py:
    id: add690efe917
    last_write_checksum: sha1:a9dcfda20dc02e09761ab5312def8ca72e48e045
    pristine_git_object: 0d08761a35ac0fc36fef938475739dc7a64ad268
  src/calibrate/models/judgeresult.py:
    id: 4ad8ffa7b867
    last_write_checksum: sha1:d7285d6b431e25fa618448d5f32eb6c8655f8540
    pristine_git_object: 9807b8c2153c5c9f936d18a5d14656599763fc1a
  src/calibrate/models/list_agents_agents_getop.py:
    id: 786e04d10d99
    last_write_checksum: sha1:da8264294edd4a25222c55f908e2fadd94a39a9b
    pristine_git_object: ab2727334555461c71a7a27ddf8940e7bb4080e6
  src/calibrate/models/resolve_agent_names_agents_resolve_postop.py:
    id: 78f9e853acce
    last_write_checksum: sha1:035e146c6bb7e212112970c4330fc7df31c338ab
    pristine_git_object: 4dab67be1c0fd160b1cf3d20f53c8d2634f5241d
  src/calibrate/models/resolveagentnamesrequest.py:
    id: dcdccb43f8ab
    last_write_checksum: sha1:7c32813b0369c26d3e0536b032ae0aed16bc7137
    pristine_git_object: f6579ee31d8de1e7b62c957052de91a3ff7792cc
  src/calibrate/models/resolveagentnamesresponse.py:
    id: 0d5eefb2d57f
    last_write_checksum: sha1:f4163d1aa9ade031cd880708491f51186d54c9fb
    pristine_git_object: 4e4c2f3214362c523fdb0c6e0340c1e97b3f717b
  src/calibrate/models/routers_agent_tools_agentresponse.py:
    id: cfe19afa04f0
    last_write_checksum: sha1:1e29df260028e760c6a799c1bcb762eef56ae082
    pristine_git_object: 6449ba95a5a9a25ec460487cd25c95eac0f9cce5
  src/calibrate/models/run_agent_test_agent_tests_agent_agent_uuid_run_postop.py:
    id: a0a81e668a56
    last_write_checksum: sha1:3ef24c03475bd8db0574759c745bb703e7d82872
    pristine_git_object: dcf7667da63d2411a57f6a027a0ff57837044849
  src/calibrate/models/run_tests_batch_agent_tests_run_postop.py:
    id: d2e41eeb701d
    last_write_checksum: sha1:1a1d51da5f4e006a3425dabd5baf993ffa879a9d
    pristine_git_object: 2177565bd24687914b4e4cab7f94e0e916715571
  src/calibrate/models/runtestrequest.py:
    id: 636fa443aef3
    last_write_checksum: sha1:2b1d8dda21a84e44425b0fabe942efe8303d13c0
    pristine_git_object: 871f7b2fefff9ffc850aa71cf1e413a17815b7aa
  src/calibrate/models/security.py:
    id: b8ed25510fb5
    last_write_checksum: sha1:3bd431d7121986c6b33b4a095770fd0a0952b454
    pristine_git_object: 3213a6a027002ac076c085a5fa6e64b3ab6b5b96
  src/calibrate/models/taskcreateresponse.py:
    id: e2e517e748c3
    last_write_checksum: sha1:c57b9c2385da848e4df353a5b8aa633c3f7e6b72
    pristine_git_object: 093baa8109cf6a2ebc2262b17e88e4cb0345bb3e
  src/calibrate/models/testcaseresult.py:
    id: 67164ba4e983
    last_write_checksum: sha1:18fdb0872f823aa55785a3333bae6dd23328f21f
    pristine_git_object: 98d38e901618e83246a21b9261cc1a73cefd5c25
  src/calibrate/models/testoutput.py:
    id: e7410f35f32c
    last_write_checksum: sha1:72f8d81bb5fe8f5f328295032fab39787c774651
    pristine_git_object: 176ccb3ce27098b45c6b82d22bc6431db30e6258
  src/calibrate/models/testrunstatusresponse.py:
    id: 17c7e9c110b4
    last_write_checksum: sha1:eca26817e10d61ff808097c22b30a5c51c45b9d2
    pristine_git_object: 38e6d66bce9b7eab52c225bca1286b2b9fa6b0d0
  src/calibrate/models/toolcalloutput.py:
    id: 9e795166da78
    last_write_checksum: sha1:e2d8dd6eb3435d40c72435cab6a4a27fc8eb6cf1
    pristine_git_object: 1387a9b0a52d9f7f2edc6750d62c0a00dda144fe
  src/calibrate/models/validationerror.py:
    id: b84e52da5901
    last_write_checksum: sha1:27a2e85b5c5e1ef445de29f44133bda735993c2c
    pristine_git_object: c0c31178dbc4a79bee2a6ed47a0883862d4454d5
  src/calibrate/py.typed:
    id: 05c44d2f1a42
    last_write_checksum: sha1:8efc425ffe830805ffcc0f3055871bdcdc542c60
    pristine_git_object: 3e38f1a929f7d6b1d6de74604aa87e3d8f010544
  src/calibrate/sdk.py:
    id: 62951f8c0965
    last_write_checksum: sha1:edbd0284019c08f7c01edcc5a930e46a23269199
    pristine_git_object: 8be799876a02b7d9f54ca7df338e04f026d7ee2b
  src/calibrate/sdkconfiguration.py:
    id: e665d68915ce
    last_write_checksum: sha1:d8340b3d864cd73ca2f4a8c5c76d9015cce09abf
    pristine_git_object: fd9e301d2b78800970802c0e2d3ad932e18b1a02
  src/calibrate/types/__init__.py:
    id: 18673e541e55
    last_write_checksum: sha1:f9ad14217f832e74f594285960125add50324be9
    pristine_git_object: faa268137bc01c9d08cfadc4797017db48747a96
  src/calibrate/types/base64fileinput.py:
    id: facd8bf1a85e
    last_write_checksum: sha1:1522687ae3398374c35710cad993a6e82b5ab99d
    pristine_git_object: 862566fe2b1db830276b390e136e65090e5963d2
  src/calibrate/types/basemodel.py:
    id: 2d642e3dfd79
    last_write_checksum: sha1:10d84aedeb9d35edfdadf2c3020caa1d24d8b584
    pristine_git_object: a9a640a1a7048736383f96c67c6290c86bf536ee
  src/calibrate/utils/__init__.py:
    id: 7b1ee1d52198
    last_write_checksum: sha1:1970816f2234ecb8785798240b0edced961de971
    pristine_git_object: 0498cb8dabf249b39609f81fb10cddc30f1b78b5
  src/calibrate/utils/annotations.py:
    id: 3590733b298a
    last_write_checksum: sha1:a4824ad65f730303e4e1e3ec1febf87b4eb46dbc
    pristine_git_object: 12e0aa4f1151bb52474cc02e88397329b90703f6
  src/calibrate/utils/datetimes.py:
    id: 1066439657eb
    last_write_checksum: sha1:c721e4123000e7dc61ec52b28a739439d9e17341
    pristine_git_object: a6c52cd61bbe2d459046c940ce5e8c469f2f0664
  src/calibrate/utils/dynamic_imports.py:
    id: 40fc4616a8f7
    last_write_checksum: sha1:a1940c63feb8eddfd8026de53384baf5056d5dcc
    pristine_git_object: 673edf82a97d0fea7295625d3e092ea369a36b79
  src/calibrate/utils/enums.py:
    id: 9206300595fb
    last_write_checksum: sha1:bc8c3c1285ae09ba8a094ee5c3d9c7f41fa1284d
    pristine_git_object: 3324e1bc2668c54c4d5f5a1a845675319757a828
  src/calibrate/utils/eventstreaming.py:
    id: 054563cd1b41
    last_write_checksum: sha1:7d1dc68f8b48486ab646653aa05cc38752e1f912
    pristine_git_object: a8d4fe5cc88d3c7337339e1b36a61bbf7ca8c4eb
  src/calibrate/utils/forms.py:
    id: d7af09bcbf07
    last_write_checksum: sha1:dcf527960992b8baef3b21937c7e6c4e652630c0
    pristine_git_object: 193f264960f3014c81d41543b9023c14c44c12e6
  src/calibrate/utils/headers.py:
    id: 9fcebba62790
    last_write_checksum: sha1:7c6df233ee006332b566a8afa9ce9a245941d935
    pristine_git_object: 37864cbbbc40d1a47112bbfdd3ba79568fc8818a
  src/calibrate/utils/logger.py:
    id: e7756b31b19a
    last_write_checksum: sha1:f3fdb154a3f09b8cc43d74c7e9c02f899f8086e4
    pristine_git_object: b661aff65d38b77d035149699aea09b2785d2fc6
  src/calibrate/utils/metadata.py:
    id: 02123d6890cc
    last_write_checksum: sha1:e703e5cbb5255144aacf86898d1420529afaaff8
    pristine_git_object: 5abddd588837ac297050ca3b543627faadb350a9
  src/calibrate/utils/queryparams.py:
    id: 65d00e809f2e
    last_write_checksum: sha1:b94c3f314fd3da0d1d215afc2731f48748e2aa59
    pristine_git_object: c04e0db82b68eca041f2cb2614d748fbac80fd41
  src/calibrate/utils/requestbodies.py:
    id: 36534861b5e9
    last_write_checksum: sha1:e1fef575283b7fe7fe2ad392dbbb3fb105309124
    pristine_git_object: 591415af8e64baa410627b507d2740afb5387d13
  src/calibrate/utils/retries.py:
    id: cbc16de738c0
    last_write_checksum: sha1:3585b891142f30a597fbf7a2f0340700babef8e4
    pristine_git_object: ca7b59efebbbd9545744d0207ef42725c4cc5143
  src/calibrate/utils/security.py:
    id: 4745b014ab0c
    last_write_checksum: sha1:c11eef495b6aaa249178c24c796940cc540b7a00
    pristine_git_object: 42d8d78e9981eed7507670014d99588e27ab325a
  src/calibrate/utils/serializers.py:
    id: 526f0247278a
    last_write_checksum: sha1:7485f1425b0661fd84836186570df90207eec6af
    pristine_git_object: 1031ed930bad5ece220cf7416a56c29f40f0588b
  src/calibrate/utils/unmarshal_json_response.py:
    id: fa5fbb7a98c7
    last_write_checksum: sha1:4e32343b02377889897cb02f6fb980036b7f1dbf
    pristine_git_object: c236830247740c141d86d203d09dcf2c94ae18eb
  src/calibrate/utils/url.py:
    id: bb155c0a7bf3
    last_write_checksum: sha1:6479961baa90432ca25626f8e40a7bbc32e73b41
    pristine_git_object: c78ccbae426ce6d385709d97ce0b1c2813ea2418
  src/calibrate/utils/values.py:
    id: 2cac71df0a63
    last_write_checksum: sha1:acaa178a7c41ddd000f58cc691e4632d925b2553
    pristine_git_object: dae01a44384ac3bc13ae07453a053bf6c898ebe3
examples:
  resolve_agent_names_agents_resolve_post:
    speakeasy-default-resolve-agent-names-agents-resolve-post:
      requestBody:
        application/json: {"names": []}
      responses:
        "200":
          application/json: {"resolved": {"key": "<value>"}, "not_found": ["<value 1>"]}
        "422":
          application/json: {}
  list_agents_agents_get:
    speakeasy-default-list-agents-agents-get:
      responses:
        "200":
          application/json: [{"uuid": "4795c933-3d41-49c0-9ac3-67f9be77d593", "name": "<value>", "type": "agent", "created_at": "1720133169989", "updated_at": "1735612539158"}]
        "422":
          application/json: {}
  run_agent_test_agent_tests_agent__agent_uuid__run_post:
    speakeasy-default-run-agent-test-agent-tests-agent-agent-uuid-run-post:
      parameters:
        path:
          agent_uuid: "<id>"
      requestBody:
        application/json: {}
      responses:
        "200":
          application/json: {"task_id": "<id>", "status": "<value>"}
        "422":
          application/json: {}
  run_tests_batch_agent_tests_run_post:
    speakeasy-default-run-tests-batch-agent-tests-run-post:
      responses:
        "200":
          application/json: {"runs": [{"agent_name": "<value>", "agent_uuid": "<id>", "task_id": "<id>", "status": "<value>"}]}
        "422":
          application/json: {}
  get_agent_test_run_status_agent_tests_run__task_id__get:
    speakeasy-default-get-agent-test-run-status-agent-tests-run-task-id-get:
      parameters:
        path:
          task_id: "<id>"
      responses:
        "200":
          application/json: {"task_id": "<id>", "status": "<value>", "error": false, "is_public": false}
        "422":
          application/json: {}
examplesVersion: 1.0.2
